
Microsoft Visual Studio Solution File, Format Version 12.00
# Visual Studio Version 16
VisualStudioVersion = 16.0.29613.14
MinimumVisualStudioVersion = 10.0.40219.1
Project("{9A19103F-16F7-4668-BE54-9A1E7A4F7556}") = "Decorator1", "ConsoleApp3\Decorator1.csproj", "{FF7C675D-8815-4715-8717-910D7F7828AB}"
EndProject
Global
	GlobalSection(SolutionConfigurationPlatforms) = preSolution
		Debug|Any CPU = Debug|Any CPU
		Release|Any CPU = Release|Any CPU
	EndGlobalSection
	GlobalSection(ProjectConfigurationPlatforms) = postSolution
		{FF7C675D-8815-4715-8717-910D7F7828AB}.Debug|Any CPU.ActiveCfg = Debug|Any CPU
		{FF7C675D-8815-4715-8717-910D7F7828AB}.Debug|Any CPU.Build.0 = Debug|Any CPU
		{FF7C675D-8815-4715-8717-910D7F7828AB}.Release|Any CPU.ActiveCfg = Release|Any CPU
		{FF7C675D-8815-4715-8717-910D7F7828AB}.Release|Any CPU.Build.0 = Release|Any CPU
	EndGlobalSection
	GlobalSection(SolutionProperties) = preSolution
		HideSolutionNode = FALSE
	EndGlobalSection
	GlobalSection(ExtensibilityGlobals) = postSolution
		SolutionGuid = {CEDA116A-091B-4217-AB6B-7D6BA1F4D68C}
	EndGlobalSection
EndGlobal
